
Microsoft Visual Studio Solution File, Format Version 12.00
# Visual Studio Version 16
VisualStudioVersion = 16.0.28729.10
MinimumVisualStudioVersion = 10.0.40219.1
Project("{FAE04EC0-301F-11D3-BF4B-00C04F79EFBC}") = "RepoPattern", "RepoPattern\RepoPattern.csproj", "{44CE7B9A-B50B-49A0-9A9E-0BC45ABBD9F4}"
EndProject
Project("{FAE04EC0-301F-11D3-BF4B-00C04F79EFBC}") = "Core", "Core\Core.csproj", "{2E4F9910-1C40-466E-B2FB-730B388464CD}"
EndProject
Project("{FAE04EC0-301F-11D3-BF4B-00C04F79EFBC}") = "Data", "Data\Data.csproj", "{DFB3D581-0212-4A6F-B1A3-2F8494671DD1}"
EndProject
Project("{FAE04EC0-301F-11D3-BF4B-00C04F79EFBC}") = "Test", "Test\Test.csproj", "{2E1D7D45-2B4D-4863-9FF9-CE2FA742365C}"
EndProject
Project("{FAE04EC0-301F-11D3-BF4B-00C04F79EFBC}") = "Service", "Service\Service.csproj", "{11ED95C0-BE50-48BF-BF18-33D92DF581AB}"
EndProject
Global
	GlobalSection(SolutionConfigurationPlatforms) = preSolution
		Debug|Any CPU = Debug|Any CPU
		Release|Any CPU = Release|Any CPU
	EndGlobalSection
	GlobalSection(ProjectConfigurationPlatforms) = postSolution
		{44CE7B9A-B50B-49A0-9A9E-0BC45ABBD9F4}.Debug|Any CPU.ActiveCfg = Debug|Any CPU
		{44CE7B9A-B50B-49A0-9A9E-0BC45ABBD9F4}.Debug|Any CPU.Build.0 = Debug|Any CPU
		{44CE7B9A-B50B-49A0-9A9E-0BC45ABBD9F4}.Release|Any CPU.ActiveCfg = Release|Any CPU
		{44CE7B9A-B50B-49A0-9A9E-0BC45ABBD9F4}.Release|Any CPU.Build.0 = Release|Any CPU
		{2E4F9910-1C40-466E-B2FB-730B388464CD}.Debug|Any CPU.ActiveCfg = Debug|Any CPU
		{2E4F9910-1C40-466E-B2FB-730B388464CD}.Debug|Any CPU.Build.0 = Debug|Any CPU
		{2E4F9910-1C40-466E-B2FB-730B388464CD}.Release|Any CPU.ActiveCfg = Release|Any CPU
		{2E4F9910-1C40-466E-B2FB-730B388464CD}.Release|Any CPU.Build.0 = Release|Any CPU
		{DFB3D581-0212-4A6F-B1A3-2F8494671DD1}.Debug|Any CPU.ActiveCfg = Debug|Any CPU
		{DFB3D581-0212-4A6F-B1A3-2F8494671DD1}.Debug|Any CPU.Build.0 = Debug|Any CPU
		{DFB3D581-0212-4A6F-B1A3-2F8494671DD1}.Release|Any CPU.ActiveCfg = Release|Any CPU
		{DFB3D581-0212-4A6F-B1A3-2F8494671DD1}.Release|Any CPU.Build.0 = Release|Any CPU
		{2E1D7D45-2B4D-4863-9FF9-CE2FA742365C}.Debug|Any CPU.ActiveCfg = Debug|Any CPU
		{2E1D7D45-2B4D-4863-9FF9-CE2FA742365C}.Debug|Any CPU.Build.0 = Debug|Any CPU
		{2E1D7D45-2B4D-4863-9FF9-CE2FA742365C}.Release|Any CPU.ActiveCfg = Release|Any CPU
		{2E1D7D45-2B4D-4863-9FF9-CE2FA742365C}.Release|Any CPU.Build.0 = Release|Any CPU
		{11ED95C0-BE50-48BF-BF18-33D92DF581AB}.Debug|Any CPU.ActiveCfg = Debug|Any CPU
		{11ED95C0-BE50-48BF-BF18-33D92DF581AB}.Debug|Any CPU.Build.0 = Debug|Any CPU
		{11ED95C0-BE50-48BF-BF18-33D92DF581AB}.Release|Any CPU.ActiveCfg = Release|Any CPU
		{11ED95C0-BE50-48BF-BF18-33D92DF581AB}.Release|Any CPU.Build.0 = Release|Any CPU
	EndGlobalSection
	GlobalSection(SolutionProperties) = preSolution
		HideSolutionNode = FALSE
	EndGlobalSection
	GlobalSection(ExtensibilityGlobals) = postSolution
		SolutionGuid = {4F23E42F-836E-40C6-B291-F862E5EECD27}
	EndGlobalSection
EndGlobal
